
Microsoft Visual Studio Solution File, Format Version 12.00
# Visual Studio Version 17
VisualStudioVersion = 17.11.35327.3
MinimumVisualStudioVersion = 10.0.40219.1
Project("{FAE04EC0-301F-11D3-BF4B-00C04F79EFBC}") = "CQRSMediaTR.API", "CQRSMediaTR.API\CQRSMediaTR.API.csproj", "{C9965E5B-3282-4E54-8DFE-085BC1C3B029}"
EndProject
Global
	GlobalSection(SolutionConfigurationPlatforms) = preSolution
		Debug|Any CPU = Debug|Any CPU
		Release|Any CPU = Release|Any CPU
	EndGlobalSection
	GlobalSection(ProjectConfigurationPlatforms) = postSolution
		{C9965E5B-3282-4E54-8DFE-085BC1C3B029}.Debug|Any CPU.ActiveCfg = Debug|Any CPU
		{C9965E5B-3282-4E54-8DFE-085BC1C3B029}.Debug|Any CPU.Build.0 = Debug|Any CPU
		{C9965E5B-3282-4E54-8DFE-085BC1C3B029}.Release|Any CPU.ActiveCfg = Release|Any CPU
		{C9965E5B-3282-4E54-8DFE-085BC1C3B029}.Release|Any CPU.Build.0 = Release|Any CPU
	EndGlobalSection
	GlobalSection(SolutionProperties) = preSolution
		HideSolutionNode = FALSE
	EndGlobalSection
	GlobalSection(ExtensibilityGlobals) = postSolution
		SolutionGuid = {DE6CDDC2-A0BE-49EC-82AC-889694D794A9}
	EndGlobalSection
EndGlobal
